# This file is autogenerated, do not edit; changes may be undone by the next 'dep ensure'.


[[projects]]
  digest = "1:9f3b30d9f8e0d7040f729b82dcbc8f0dead820a133b3147ce355fc451f32d761"
  name = "github.com/BurntSushi/toml"
  packages = ["."]
  pruneopts = "UT"
  revision = "3012a1dbe2e4bd1391d42b32f0577cb7bbc7f005"
  version = "v0.3.1"

[[projects]]
  digest = "1:bbc4aacabe6880bdbce849c64cb061b7eddf39f132af4ea2853ddd32f85fbec3"
  name = "github.com/fatih/camelcase"
  packages = ["."]
  pruneopts = "UT"
  revision = "44e46d280b43ec1531bb25252440e34f1b800b65"
  version = "v1.0.0"

[[projects]]
  digest = "1:af43bdaaf86655a2343f113e9b293bbc16b12099eaeb223982bbe4d4c22ba14d"
  name = "github.com/fatih/structs"
  packages = ["."]
  pruneopts = "UT"
  revision = "4966fc68f5b7593aafa6cbbba2d65ec6e1416047"
  version = "v1.1.0"

[[projects]]
  branch = "master"
  digest = "1:36fe9527deed01d2a317617e59304eb2c4ce9f8a24115bcc5c2e37b3aee5bae4"
  name = "github.com/gin-contrib/sse"
  packages = ["."]
  pruneopts = "UT"
  revision = "22d885f9ecc78bf4ee5d72b937e4bbcdc58e8cae"

[[projects]]
  digest = "1:d5083934eb25e45d17f72ffa86cae3814f4a9d6c073c4f16b64147169b245606"
  name = "github.com/gin-gonic/gin"
  packages = [
    ".",
    "binding",
    "json",
    "render",
  ]
  pruneopts = "UT"
  revision = "b869fe1415e4b9eb52f247441830d502aece2d4d"
  version = "v1.3.0"

[[projects]]
  digest = "1:6ba96a683441984156b05568b9d31dbc846d3336d21ac220fcc819a367dc1f65"
  name = "github.com/golang/protobuf"
  packages = ["proto"]
  pruneopts = "UT"
  revision = "5a0f697c9ed9d68fef0116532c6e05cfeae00e55"

[[projects]]
  digest = "1:3a26588bc48b96825977c1b3df964f8fd842cd6860cc26370588d3563433cf11"
  name = "github.com/google/uuid"
  packages = ["."]
  pruneopts = "UT"
  revision = "d460ce9f8df2e77fb1ba55ca87fafed96c607494"
  version = "v1.0.0"

[[projects]]
  digest = "1:7b5c6e2eeaa9ae5907c391a91c132abfd5c9e8a784a341b5625e750c67e6825d"
  name = "github.com/gorilla/websocket"
  packages = ["."]
  pruneopts = "UT"
  revision = "66b9c49e59c6c48f0ffce28c2d8b8a5678502c6d"
  version = "v1.4.0"

[[projects]]
  branch = "master"
  digest = "1:3391f35977097ba8df3f25a867b2fad6d1541e170228db14a587e400d51100da"
  name = "github.com/jonaz/ginlogrus"
  packages = ["."]
  pruneopts = "UT"
  revision = "779996355d5231c3e6d7f5e11a2a54351a700c4a"

[[projects]]
  branch = "master"
  digest = "1:68c201688fb1d983566c3b71741be0b03848a657d8f3101660710fc75452ec77"
  name = "github.com/jonaz/gograce"
  packages = ["."]
  pruneopts = "UT"
  revision = "582d7afa93c309f589d606e33e3be5a72b596d3b"

[[projects]]
  digest = "1:be97e109f627d3ba8edfef50c9c74f0d0c17cbe3a2e924a8985e4804a894f282"
  name = "github.com/json-iterator/go"
  packages = ["."]
  pruneopts = "UT"
  revision = "36b14963da70d11297d313183d7e6388c8510e1e"
  version = "1.0.0"

[[projects]]
  branch = "master"
  digest = "1:26ee455faa224e7031355a0b51ce60c489f0fb4aa2cc96b42a622c320f0c0049"
  name = "github.com/koding/multiconfig"
  packages = ["."]
  pruneopts = "UT"
  revision = "69c27309b2d751c576b59ea9c3726597c2375da3"

[[projects]]
  digest = "1:0a69a1c0db3591fcefb47f115b224592c8dfa4368b7ba9fae509d5e16cdc95c8"
  name = "github.com/konsorten/go-windows-terminal-sequences"
  packages = ["."]
  pruneopts = "UT"
  revision = "5c8c8bd35d3832f5d134ae1e1e375b69a4d25242"
  version = "v1.0.1"

[[projects]]
  digest = "1:fa610f9fe6a93f4a75e64c83673dfff9bf1a34bbb21e6102021b6bc7850834a3"
  name = "github.com/mattn/go-isatty"
  packages = ["."]
  pruneopts = "UT"
  revision = "57fdcb988a5c543893cc61bce354a6e24ab70022"

[[projects]]
  branch = "master"
  digest = "1:78aed2dd8ce8337fd46295815d38b6e51885b60b2f57e04b3b83cd49b5d88ed7"
  name = "github.com/olahol/melody"
  packages = ["."]
  pruneopts = "UT"
  revision = "7bd65910e5abdd2e7396c23acb13475bff79d1af"

[[projects]]
  branch = "master"
  digest = "1:7b00688590bccf501dc8b1f43f5948a80bc72494c501d9c995abb68be1e766f2"
  name = "github.com/onrik/logrus"
  packages = ["filename"]
  pruneopts = "UT"
  revision = "c9849815bc7c2abf20d58e4bc06c242198ebb741"

[[projects]]
  branch = "master"
  digest = "1:f18bddce2e03efdef6b8c5e5295f38e54edfce353f99f1811c20585441ccee6f"
  name = "github.com/sirupsen/logrus"
  packages = ["."]
  pruneopts = "UT"
  revision = "566a5f690849162ff53cf98f3c42135389d63f95"

[[projects]]
  digest = "1:c268acaa4a4d94a467980e5e91452eb61c460145765293dc0aed48e5e9919cc6"
  name = "github.com/ugorji/go"
  packages = ["codec"]
  pruneopts = "UT"
  revision = "c88ee250d0221a57af388746f5cf03768c21d6e2"

[[projects]]
  branch = "master"
  digest = "1:3f3a05ae0b95893d90b9b3b5afdb79a9b3d96e4e36e099d841ae602e4aca0da8"
  name = "golang.org/x/crypto"
  packages = ["ssh/terminal"]
  pruneopts = "UT"
  revision = "4d3f4d9ffa16a13f451c3b2999e9c49e9750bf06"

[[projects]]
  branch = "master"
  digest = "1:d3e0b1b48b36298893e7667f91bce04d1b6996e5eb93b898db926cad94ce9514"
  name = "golang.org/x/sys"
  packages = [
    "unix",
    "windows",
  ]
  pruneopts = "UT"
  revision = "7e31e0c00fa05cb5fbf4347b585621d6709e19a4"

[[projects]]
  digest = "1:1b4724d3c8125f6044925f02b485b74bfec9905cbf579d95aafd1a6c8f8447d3"
  name = "gopkg.in/go-playground/validator.v8"
  packages = ["."]
  pruneopts = "UT"
  revision = "5f57d2222ad794d0dffb07e664ea05e2ee07d60c"
  version = "v8.18.1"

[[projects]]
  digest = "1:cacb98d52c60c337c2ce95a7af83ba0313a93ce5e73fa9e99a96aff70776b9d3"
  name = "gopkg.in/yaml.v2"
  packages = ["."]
  pruneopts = "UT"
  revision = "a5b47d31c556af34a302ce5d659e6fea44d90de0"

[solve-meta]
  analyzer-name = "dep"
  analyzer-version = 1
  input-imports = [
    "github.com/gin-gonic/gin",
    "github.com/google/uuid",
    "github.com/jonaz/ginlogrus",
    "github.com/jonaz/gograce",
    "github.com/koding/multiconfig",
    "github.com/olahol/melody",
    "github.com/onrik/logrus/filename",
    "github.com/sirupsen/logrus",
  ]
  solver-name = "gps-cdcl"
  solver-version = 1
