# This file is autogenerated, do not edit; changes may be undone by the next 'dep ensure'.


[[projects]]
  digest = "1:9f3b30d9f8e0d7040f729b82dcbc8f0dead820a133b3147ce355fc451f32d761"
  name = "github.com/BurntSushi/toml"
  packages = ["."]
  pruneopts = "UT"
  revision = "3012a1dbe2e4bd1391d42b32f0577cb7bbc7f005"
  version = "v0.3.1"

[[projects]]
  digest = "1:d04889482897652dedae6d8575b479c06fa3eb3c3abe248163b25d3df5fab43e"
  name = "github.com/antlr/antlr4"
  packages = ["runtime/Go/antlr"]
  pruneopts = "UT"
  revision = "be58ebffde8e29c154192c019608f0a5b8e6a064"
  version = "4.7.2"

[[projects]]
  digest = "1:ffe9824d294da03b391f44e1ae8281281b4afc1bdaa9588c9097785e3af10cec"
  name = "github.com/davecgh/go-spew"
  packages = ["spew"]
  pruneopts = "UT"
  revision = "8991bc29aa16c548c550c7ff78260e27b9ab7c73"
  version = "v1.1.1"

[[projects]]
  digest = "1:bbc4aacabe6880bdbce849c64cb061b7eddf39f132af4ea2853ddd32f85fbec3"
  name = "github.com/fatih/camelcase"
  packages = ["."]
  pruneopts = "UT"
  revision = "44e46d280b43ec1531bb25252440e34f1b800b65"
  version = "v1.0.0"

[[projects]]
  digest = "1:af43bdaaf86655a2343f113e9b293bbc16b12099eaeb223982bbe4d4c22ba14d"
  name = "github.com/fatih/structs"
  packages = ["."]
  pruneopts = "UT"
  revision = "4966fc68f5b7593aafa6cbbba2d65ec6e1416047"
  version = "v1.1.0"

[[projects]]
  branch = "master"
  digest = "1:4502ebf1d3fff349d694807160ce3a4dea1834729e6cedf7f58f0b385bd8ee58"
  name = "github.com/gin-contrib/gzip"
  packages = ["."]
  pruneopts = "UT"
  revision = "f4623742155704b95c69be0017fd88ba93445808"

[[projects]]
  branch = "master"
  digest = "1:36fe9527deed01d2a317617e59304eb2c4ce9f8a24115bcc5c2e37b3aee5bae4"
  name = "github.com/gin-contrib/sse"
  packages = ["."]
  pruneopts = "UT"
  revision = "22d885f9ecc78bf4ee5d72b937e4bbcdc58e8cae"

[[projects]]
  digest = "1:d5083934eb25e45d17f72ffa86cae3814f4a9d6c073c4f16b64147169b245606"
  name = "github.com/gin-gonic/gin"
  packages = [
    ".",
    "binding",
    "json",
    "render",
  ]
  pruneopts = "UT"
  revision = "b869fe1415e4b9eb52f247441830d502aece2d4d"
  version = "v1.3.0"

[[projects]]
  branch = "master"
  digest = "1:f78c0dddb75c8286423dbdd258f16511fd266f620a1e5bc9347655fc3f8e08d9"
  name = "github.com/golang/protobuf"
  packages = [
    "descriptor",
    "proto",
    "protoc-gen-go/descriptor",
    "ptypes",
    "ptypes/any",
    "ptypes/duration",
    "ptypes/empty",
    "ptypes/struct",
    "ptypes/timestamp",
    "ptypes/wrappers",
  ]
  pruneopts = "UT"
  revision = "1d3f30b51784bec5aad268e59fd3c2fc1c2fe73f"

[[projects]]
  branch = "master"
  digest = "1:da29d08e75fc6ee40643fcd6cca266025d738e9f77a357cdb62bff09b9e26d5b"
  name = "github.com/google/cel-go"
  packages = [
    "checker",
    "checker/decls",
    "common",
    "common/debug",
    "common/operators",
    "common/overloads",
    "common/packages",
    "common/types",
    "common/types/pb",
    "common/types/ref",
    "common/types/traits",
    "interpreter",
    "interpreter/functions",
    "parser",
    "parser/gen",
  ]
  pruneopts = "UT"
  revision = "7053dd141c9b8273b272a04502f10b2b4d00a984"

[[projects]]
  digest = "1:3a26588bc48b96825977c1b3df964f8fd842cd6860cc26370588d3563433cf11"
  name = "github.com/google/uuid"
  packages = ["."]
  pruneopts = "UT"
  revision = "d460ce9f8df2e77fb1ba55ca87fafed96c607494"
  version = "v1.0.0"

[[projects]]
  digest = "1:7b5c6e2eeaa9ae5907c391a91c132abfd5c9e8a784a341b5625e750c67e6825d"
  name = "github.com/gorilla/websocket"
  packages = ["."]
  pruneopts = "UT"
  revision = "66b9c49e59c6c48f0ffce28c2d8b8a5678502c6d"
  version = "v1.4.0"

[[projects]]
  branch = "master"
  digest = "1:14e2169fd9308979db0708469e3a780c83ed784c0e03c1b22c07da297dca5ac8"
  name = "github.com/hashicorp/go.net"
  packages = [
    "internal/iana",
    "ipv4",
    "ipv6",
  ]
  pruneopts = "UT"
  revision = "104dcad90073cd8d1e6828b2af19185b60cf3e29"

[[projects]]
  branch = "master"
  digest = "1:3391f35977097ba8df3f25a867b2fad6d1541e170228db14a587e400d51100da"
  name = "github.com/jonaz/ginlogrus"
  packages = ["."]
  pruneopts = "UT"
  revision = "779996355d5231c3e6d7f5e11a2a54351a700c4a"

[[projects]]
  branch = "master"
  digest = "1:68c201688fb1d983566c3b71741be0b03848a657d8f3101660710fc75452ec77"
  name = "github.com/jonaz/gograce"
  packages = ["."]
  pruneopts = "UT"
  revision = "582d7afa93c309f589d606e33e3be5a72b596d3b"

[[projects]]
  branch = "master"
  digest = "1:f4b9c23065f9592bdfa00591d55d7641c72def8dbac5a25dc21ce4914bb1d9b5"
  name = "github.com/jonaz/mdns"
  packages = ["."]
  pruneopts = "UT"
  revision = "7d17fa691a5ec88ca0609d7a3d2aabf5a43c530d"

[[projects]]
  digest = "1:be97e109f627d3ba8edfef50c9c74f0d0c17cbe3a2e924a8985e4804a894f282"
  name = "github.com/json-iterator/go"
  packages = ["."]
  pruneopts = "UT"
  revision = "36b14963da70d11297d313183d7e6388c8510e1e"
  version = "1.0.0"

[[projects]]
  branch = "master"
  digest = "1:26ee455faa224e7031355a0b51ce60c489f0fb4aa2cc96b42a622c320f0c0049"
  name = "github.com/koding/multiconfig"
  packages = ["."]
  pruneopts = "UT"
  revision = "69c27309b2d751c576b59ea9c3726597c2375da3"

[[projects]]
  digest = "1:0a69a1c0db3591fcefb47f115b224592c8dfa4368b7ba9fae509d5e16cdc95c8"
  name = "github.com/konsorten/go-windows-terminal-sequences"
  packages = ["."]
  pruneopts = "UT"
  revision = "5c8c8bd35d3832f5d134ae1e1e375b69a4d25242"
  version = "v1.0.1"

[[projects]]
  digest = "1:fa610f9fe6a93f4a75e64c83673dfff9bf1a34bbb21e6102021b6bc7850834a3"
  name = "github.com/mattn/go-isatty"
  packages = ["."]
  pruneopts = "UT"
  revision = "57fdcb988a5c543893cc61bce354a6e24ab70022"

[[projects]]
  digest = "1:478b8f5ee3eac843d206afd9c2c2a7133d0b7da7a65e8f9edbb1ebbf6758bdb0"
  name = "github.com/miekg/dns"
  packages = ["."]
  pruneopts = "UT"
  revision = "44a8c5f8ba7d0b3eac116182736dcfb5885ee405"
  version = "v1.1.2"

[[projects]]
  branch = "master"
  digest = "1:78aed2dd8ce8337fd46295815d38b6e51885b60b2f57e04b3b83cd49b5d88ed7"
  name = "github.com/olahol/melody"
  packages = ["."]
  pruneopts = "UT"
  revision = "7bd65910e5abdd2e7396c23acb13475bff79d1af"

[[projects]]
  branch = "master"
  digest = "1:7b00688590bccf501dc8b1f43f5948a80bc72494c501d9c995abb68be1e766f2"
  name = "github.com/onrik/logrus"
  packages = ["filename"]
  pruneopts = "UT"
  revision = "c9849815bc7c2abf20d58e4bc06c242198ebb741"

[[projects]]
  digest = "1:0028cb19b2e4c3112225cd871870f2d9cf49b9b4276531f03438a88e94be86fe"
  name = "github.com/pmezard/go-difflib"
  packages = ["difflib"]
  pruneopts = "UT"
  revision = "792786c7400a136282c1664665ae0a8db921c6c2"
  version = "v1.0.0"

[[projects]]
  digest = "1:c26190a2fc1f9b2a760195476b64d1dc4b4ff44a1698b0ae37c29891eaf0209f"
  name = "github.com/posener/wstest"
  packages = ["."]
  pruneopts = "UT"
  revision = "04b166ca0bf1313d8abf8625b59c5979c7bc59a2"
  version = "v1.1"

[[projects]]
  digest = "1:ea0700160aca4ef099f4e06686a665a87691f4248dddd40796925eda2e46bd64"
  name = "github.com/rakyll/statik"
  packages = ["fs"]
  pruneopts = "UT"
  revision = "1355192d24db2566a83c3914e187e2a7e7679832"
  version = "v0.1.5"

[[projects]]
  branch = "master"
  digest = "1:f18bddce2e03efdef6b8c5e5295f38e54edfce353f99f1811c20585441ccee6f"
  name = "github.com/sirupsen/logrus"
  packages = ["."]
  pruneopts = "UT"
  revision = "566a5f690849162ff53cf98f3c42135389d63f95"

[[projects]]
  digest = "1:972c2427413d41a1e06ca4897e8528e5a1622894050e2f527b38ddf0f343f759"
  name = "github.com/stretchr/testify"
  packages = ["assert"]
  pruneopts = "UT"
  revision = "ffdc059bfe9ce6a4e144ba849dbedead332c6053"
  version = "v1.3.0"

[[projects]]
  digest = "1:c268acaa4a4d94a467980e5e91452eb61c460145765293dc0aed48e5e9919cc6"
  name = "github.com/ugorji/go"
  packages = ["codec"]
  pruneopts = "UT"
  revision = "c88ee250d0221a57af388746f5cf03768c21d6e2"

[[projects]]
  branch = "master"
  digest = "1:583f2f436bab7b59a7bd3e759f1375b06f460760ed1f9235604d143eaab83009"
  name = "golang.org/x/crypto"
  packages = [
    "ed25519",
    "ed25519/internal/edwards25519",
    "ssh/terminal",
  ]
  pruneopts = "UT"
  revision = "4d3f4d9ffa16a13f451c3b2999e9c49e9750bf06"

[[projects]]
  branch = "master"
  digest = "1:061c1d60b4730f6e6f90a216794c167872ee87674f2bc029fa699ff358cf5352"
  name = "golang.org/x/net"
  packages = [
    "bpf",
    "context",
    "http/httpguts",
    "http2",
    "http2/hpack",
    "idna",
    "internal/iana",
    "internal/socket",
    "internal/timeseries",
    "ipv4",
    "ipv6",
    "trace",
  ]
  pruneopts = "UT"
  revision = "395948e2f546cb82afa9e1f6d1a6e87849b9af1d"

[[projects]]
  branch = "master"
  digest = "1:d3e0b1b48b36298893e7667f91bce04d1b6996e5eb93b898db926cad94ce9514"
  name = "golang.org/x/sys"
  packages = [
    "unix",
    "windows",
  ]
  pruneopts = "UT"
  revision = "7e31e0c00fa05cb5fbf4347b585621d6709e19a4"

[[projects]]
  digest = "1:0c56024909189aee3364b7f21a95a27459f718aa7c199a5c111c36cfffd9eaef"
  name = "golang.org/x/text"
  packages = [
    "collate",
    "collate/build",
    "internal/colltab",
    "internal/gen",
    "internal/tag",
    "internal/triegen",
    "internal/ucd",
    "language",
    "secure/bidirule",
    "transform",
    "unicode/bidi",
    "unicode/cldr",
    "unicode/norm",
    "unicode/rangetable",
    "width",
  ]
  pruneopts = "UT"
  revision = "f21a4dfb5e38f5895301dc265a8def02365cc3d0"
  version = "v0.3.0"

[[projects]]
  branch = "master"
  digest = "1:3a2d3599a8d0f0ddab8a7714bc28f809ac734f67e26abad939f7370c56d00e29"
  name = "google.golang.org/genproto"
  packages = [
    "googleapis/api/expr/v1alpha1",
    "googleapis/rpc/status",
  ]
  pruneopts = "UT"
  revision = "ae2f86662275e140f395167f1dab7081a5bd5fa8"

[[projects]]
  digest = "1:9edd250a3c46675d0679d87540b30c9ed253b19bd1fd1af08f4f5fb3c79fc487"
  name = "google.golang.org/grpc"
  packages = [
    ".",
    "balancer",
    "balancer/base",
    "balancer/roundrobin",
    "binarylog/grpc_binarylog_v1",
    "codes",
    "connectivity",
    "credentials",
    "credentials/internal",
    "encoding",
    "encoding/proto",
    "grpclog",
    "internal",
    "internal/backoff",
    "internal/binarylog",
    "internal/channelz",
    "internal/envconfig",
    "internal/grpcrand",
    "internal/grpcsync",
    "internal/syscall",
    "internal/transport",
    "keepalive",
    "metadata",
    "naming",
    "peer",
    "resolver",
    "resolver/dns",
    "resolver/passthrough",
    "stats",
    "status",
    "tap",
  ]
  pruneopts = "UT"
  revision = "df014850f6dee74ba2fc94874043a9f3f75fbfd8"
  version = "v1.17.0"

[[projects]]
  digest = "1:1b4724d3c8125f6044925f02b485b74bfec9905cbf579d95aafd1a6c8f8447d3"
  name = "gopkg.in/go-playground/validator.v8"
  packages = ["."]
  pruneopts = "UT"
  revision = "5f57d2222ad794d0dffb07e664ea05e2ee07d60c"
  version = "v8.18.1"

[[projects]]
  digest = "1:cacb98d52c60c337c2ce95a7af83ba0313a93ce5e73fa9e99a96aff70776b9d3"
  name = "gopkg.in/yaml.v2"
  packages = ["."]
  pruneopts = "UT"
  revision = "a5b47d31c556af34a302ce5d659e6fea44d90de0"

[solve-meta]
  analyzer-name = "dep"
  analyzer-version = 1
  input-imports = [
    "github.com/gin-contrib/gzip",
    "github.com/gin-gonic/gin",
    "github.com/google/cel-go/checker",
    "github.com/google/cel-go/checker/decls",
    "github.com/google/cel-go/common",
    "github.com/google/cel-go/common/packages",
    "github.com/google/cel-go/common/types",
    "github.com/google/cel-go/interpreter",
    "github.com/google/cel-go/parser",
    "github.com/google/uuid",
    "github.com/gorilla/websocket",
    "github.com/jonaz/ginlogrus",
    "github.com/jonaz/gograce",
    "github.com/jonaz/mdns",
    "github.com/koding/multiconfig",
    "github.com/olahol/melody",
    "github.com/onrik/logrus/filename",
    "github.com/posener/wstest",
    "github.com/rakyll/statik/fs",
    "github.com/sirupsen/logrus",
    "github.com/stretchr/testify/assert",
    "google.golang.org/genproto/googleapis/api/expr/v1alpha1",
  ]
  solver-name = "gps-cdcl"
  solver-version = 1
